
Microsoft Visual Studio Solution File, Format Version 12.00
# Visual Studio 15
VisualStudioVersion = 15.0.28307.421
MinimumVisualStudioVersion = 10.0.40219.1
Project("{FAE04EC0-301F-11D3-BF4B-00C04F79EFBC}") = "PetShop.App", "PetShop.App\PetShop.App.csproj", "{14A4017C-1D40-4277-A74B-BEB7CB0C566D}"
EndProject
Project("{FAE04EC0-301F-11D3-BF4B-00C04F79EFBC}") = "PetShop.Data", "PetShop.Data\PetShop.Data.csproj", "{A5CD3FC9-6A56-47C5-9670-0070A288F505}"
EndProject
Global
	GlobalSection(SolutionConfigurationPlatforms) = preSolution
		Debug|Any CPU = Debug|Any CPU
		Release|Any CPU = Release|Any CPU
	EndGlobalSection
	GlobalSection(ProjectConfigurationPlatforms) = postSolution
		{14A4017C-1D40-4277-A74B-BEB7CB0C566D}.Debug|Any CPU.ActiveCfg = Debug|Any CPU
		{14A4017C-1D40-4277-A74B-BEB7CB0C566D}.Debug|Any CPU.Build.0 = Debug|Any CPU
		{14A4017C-1D40-4277-A74B-BEB7CB0C566D}.Release|Any CPU.ActiveCfg = Release|Any CPU
		{14A4017C-1D40-4277-A74B-BEB7CB0C566D}.Release|Any CPU.Build.0 = Release|Any CPU
		{A5CD3FC9-6A56-47C5-9670-0070A288F505}.Debug|Any CPU.ActiveCfg = Debug|Any CPU
		{A5CD3FC9-6A56-47C5-9670-0070A288F505}.Debug|Any CPU.Build.0 = Debug|Any CPU
		{A5CD3FC9-6A56-47C5-9670-0070A288F505}.Release|Any CPU.ActiveCfg = Release|Any CPU
		{A5CD3FC9-6A56-47C5-9670-0070A288F505}.Release|Any CPU.Build.0 = Release|Any CPU
	EndGlobalSection
	GlobalSection(SolutionProperties) = preSolution
		HideSolutionNode = FALSE
	EndGlobalSection
	GlobalSection(ExtensibilityGlobals) = postSolution
		SolutionGuid = {6DE20AB3-CA80-4D71-82F8-D30850940ECA}
	EndGlobalSection
EndGlobal
