
Microsoft Visual Studio Solution File, Format Version 12.00
# Visual Studio 15
VisualStudioVersion = 15.0.28010.2026
MinimumVisualStudioVersion = 10.0.40219.1
Project("{FAE04EC0-301F-11D3-BF4B-00C04F79EFBC}") = "Display", "Display\Display.csproj", "{68E8B435-205B-42B8-97D3-C88CE52E1249}"
EndProject
Project("{FAE04EC0-301F-11D3-BF4B-00C04F79EFBC}") = "Data", "Data\Data.csproj", "{E3A8FCDC-8717-45DB-A247-4A1F34925646}"
EndProject
Project("{FAE04EC0-301F-11D3-BF4B-00C04F79EFBC}") = "Business", "Business\Business.csproj", "{C0466854-6539-44CD-AD20-2B9A8DC5D60E}"
EndProject
Global
	GlobalSection(SolutionConfigurationPlatforms) = preSolution
		Debug|Any CPU = Debug|Any CPU
		Release|Any CPU = Release|Any CPU
	EndGlobalSection
	GlobalSection(ProjectConfigurationPlatforms) = postSolution
		{68E8B435-205B-42B8-97D3-C88CE52E1249}.Debug|Any CPU.ActiveCfg = Debug|Any CPU
		{68E8B435-205B-42B8-97D3-C88CE52E1249}.Debug|Any CPU.Build.0 = Debug|Any CPU
		{68E8B435-205B-42B8-97D3-C88CE52E1249}.Release|Any CPU.ActiveCfg = Release|Any CPU
		{68E8B435-205B-42B8-97D3-C88CE52E1249}.Release|Any CPU.Build.0 = Release|Any CPU
		{E3A8FCDC-8717-45DB-A247-4A1F34925646}.Debug|Any CPU.ActiveCfg = Debug|Any CPU
		{E3A8FCDC-8717-45DB-A247-4A1F34925646}.Debug|Any CPU.Build.0 = Debug|Any CPU
		{E3A8FCDC-8717-45DB-A247-4A1F34925646}.Release|Any CPU.ActiveCfg = Release|Any CPU
		{E3A8FCDC-8717-45DB-A247-4A1F34925646}.Release|Any CPU.Build.0 = Release|Any CPU
		{C0466854-6539-44CD-AD20-2B9A8DC5D60E}.Debug|Any CPU.ActiveCfg = Debug|Any CPU
		{C0466854-6539-44CD-AD20-2B9A8DC5D60E}.Debug|Any CPU.Build.0 = Debug|Any CPU
		{C0466854-6539-44CD-AD20-2B9A8DC5D60E}.Release|Any CPU.ActiveCfg = Release|Any CPU
		{C0466854-6539-44CD-AD20-2B9A8DC5D60E}.Release|Any CPU.Build.0 = Release|Any CPU
	EndGlobalSection
	GlobalSection(SolutionProperties) = preSolution
		HideSolutionNode = FALSE
	EndGlobalSection
	GlobalSection(ExtensibilityGlobals) = postSolution
		SolutionGuid = {BFBC88ED-88A7-4FB4-8911-5140703C9A9C}
	EndGlobalSection
EndGlobal
